Microsoft Visual Studio Solution File, Format Version 11.00
# Visual Studio 2008

Project("{71A2999E-BF3B-A18E-6F4B-A2AF91A0D98F}") = "Race Game", "Assembly-CSharp-firstpass-vs.csproj", "{314721B3-A270-1987-1B9E-7D0EB9D1567C}"
EndProject
Project("{71A2999E-BF3B-A18E-6F4B-A2AF91A0D98F}") = "Race Game", "Assembly-CSharp-vs.csproj", "{4B0033F4-D450-C934-4BF7-8005A15999C5}"
EndProject
Project("{71A2999E-BF3B-A18E-6F4B-A2AF91A0D98F}") = "Race Game", "Assembly-CSharp-Editor-vs.csproj", "{DA44EFAF-7900-E9E6-567F-78A69E82F200}"
EndProject
Global
	GlobalSection(SolutionConfigurationPlatforms) = preSolution
		Debug|Any CPU = Debug|Any CPU
		Release|Any CPU = Release|Any CPU
	EndGlobalSection
	GlobalSection(ProjectConfigurationPlatforms) = postSolution
		{314721B3-A270-1987-1B9E-7D0EB9D1567C}.Debug|Any CPU.ActiveCfg = Debug|Any CPU
		{314721B3-A270-1987-1B9E-7D0EB9D1567C}.Debug|Any CPU.Build.0 = Debug|Any CPU
		{314721B3-A270-1987-1B9E-7D0EB9D1567C}.Release|Any CPU.ActiveCfg = Release|Any CPU
		{314721B3-A270-1987-1B9E-7D0EB9D1567C}.Release|Any CPU.Build.0 = Release|Any CPU
		{4B0033F4-D450-C934-4BF7-8005A15999C5}.Debug|Any CPU.ActiveCfg = Debug|Any CPU
		{4B0033F4-D450-C934-4BF7-8005A15999C5}.Debug|Any CPU.Build.0 = Debug|Any CPU
		{4B0033F4-D450-C934-4BF7-8005A15999C5}.Release|Any CPU.ActiveCfg = Release|Any CPU
		{4B0033F4-D450-C934-4BF7-8005A15999C5}.Release|Any CPU.Build.0 = Release|Any CPU
		{DA44EFAF-7900-E9E6-567F-78A69E82F200}.Debug|Any CPU.ActiveCfg = Debug|Any CPU
		{DA44EFAF-7900-E9E6-567F-78A69E82F200}.Debug|Any CPU.Build.0 = Debug|Any CPU
		{DA44EFAF-7900-E9E6-567F-78A69E82F200}.Release|Any CPU.ActiveCfg = Release|Any CPU
		{DA44EFAF-7900-E9E6-567F-78A69E82F200}.Release|Any CPU.Build.0 = Release|Any CPU
	EndGlobalSection
	GlobalSection(SolutionProperties) = preSolution
		HideSolutionNode = FALSE
	EndGlobalSection
																																																																																																																																GlobalSection(MonoDevelopProperties) = preSolution
		StartupItem = Assembly-CSharp.csproj
		Policies = $0
		$0.TextStylePolicy = $1
		$1.inheritsSet = null
		$1.scope = text/x-csharp
		$0.CSharpFormattingPolicy = $2
		$2.inheritsSet = Mono
		$2.inheritsScope = text/x-csharp
		$2.scope = text/x-csharp
		$0.TextStylePolicy = $3
		$3.FileWidth = 120
		$3.TabWidth = 4
		$3.EolMarker = Unix
		$3.inheritsSet = Mono
		$3.inheritsScope = text/plain
		$3.scope = text/plain
	EndGlobalSection

EndGlobal
